
Microsoft Visual Studio Solution File, Format Version 12.00
# Visual Studio 15
VisualStudioVersion = 15.0.28307.489
MinimumVisualStudioVersion = 10.0.40219.1
Project("{FAE04EC0-301F-11D3-BF4B-00C04F79EFBC}") = "WEINCDENTALSTARTER", "WEINCDENTALSTARTER\WEINCDENTALSTARTER.csproj", "{63D6FED3-8F7E-47C0-8D98-9FE1EB90B0F3}"
EndProject
Global
	GlobalSection(SolutionConfigurationPlatforms) = preSolution
		Debug|Any CPU = Debug|Any CPU
		Release|Any CPU = Release|Any CPU
	EndGlobalSection
	GlobalSection(ProjectConfigurationPlatforms) = postSolution
		{63D6FED3-8F7E-47C0-8D98-9FE1EB90B0F3}.Debug|Any CPU.ActiveCfg = Debug|Any CPU
		{63D6FED3-8F7E-47C0-8D98-9FE1EB90B0F3}.Debug|Any CPU.Build.0 = Debug|Any CPU
		{63D6FED3-8F7E-47C0-8D98-9FE1EB90B0F3}.Release|Any CPU.ActiveCfg = Release|Any CPU
		{63D6FED3-8F7E-47C0-8D98-9FE1EB90B0F3}.Release|Any CPU.Build.0 = Release|Any CPU
	EndGlobalSection
	GlobalSection(SolutionProperties) = preSolution
		HideSolutionNode = FALSE
	EndGlobalSection
	GlobalSection(ExtensibilityGlobals) = postSolution
		SolutionGuid = {A52A9392-CCC3-4A4E-BD06-F7E3DE6B9C05}
	EndGlobalSection
EndGlobal
