
Microsoft Visual Studio Solution File, Format Version 12.00
# Visual Studio 15
VisualStudioVersion = 15.0.28307.489
MinimumVisualStudioVersion = 10.0.40219.1
Project("{FAE04EC0-301F-11D3-BF4B-00C04F79EFBC}") = "WEINCDENTAL", "WEINCDENTAL\WEINCDENTAL.csproj", "{3842F00A-7651-45B9-BAEE-E9DBEF830E3B}"
EndProject
Project("{FAE04EC0-301F-11D3-BF4B-00C04F79EFBC}") = "WEINCDENTAL_CALLINGSCREEN", "WEINCDENTAL_CALLINGSCREEN\WEINCDENTAL_CALLINGSCREEN.csproj", "{BF0F2C98-41AD-48BC-8DCC-5E7B43EBE93A}"
EndProject
Global
	GlobalSection(SolutionConfigurationPlatforms) = preSolution
		Debug|Any CPU = Debug|Any CPU
		Release|Any CPU = Release|Any CPU
	EndGlobalSection
	GlobalSection(ProjectConfigurationPlatforms) = postSolution
		{3842F00A-7651-45B9-BAEE-E9DBEF830E3B}.Debug|Any CPU.ActiveCfg = Debug|Any CPU
		{3842F00A-7651-45B9-BAEE-E9DBEF830E3B}.Debug|Any CPU.Build.0 = Debug|Any CPU
		{3842F00A-7651-45B9-BAEE-E9DBEF830E3B}.Release|Any CPU.ActiveCfg = Release|Any CPU
		{3842F00A-7651-45B9-BAEE-E9DBEF830E3B}.Release|Any CPU.Build.0 = Release|Any CPU
		{BF0F2C98-41AD-48BC-8DCC-5E7B43EBE93A}.Debug|Any CPU.ActiveCfg = Debug|Any CPU
		{BF0F2C98-41AD-48BC-8DCC-5E7B43EBE93A}.Debug|Any CPU.Build.0 = Debug|Any CPU
		{BF0F2C98-41AD-48BC-8DCC-5E7B43EBE93A}.Release|Any CPU.ActiveCfg = Release|Any CPU
		{BF0F2C98-41AD-48BC-8DCC-5E7B43EBE93A}.Release|Any CPU.Build.0 = Release|Any CPU
	EndGlobalSection
	GlobalSection(SolutionProperties) = preSolution
		HideSolutionNode = FALSE
	EndGlobalSection
	GlobalSection(ExtensibilityGlobals) = postSolution
		SolutionGuid = {F519E417-3127-41CE-BD1B-4504A3628B49}
	EndGlobalSection
EndGlobal
